schema: '2.0'
stages:
  data_ingestion:
    cmd: python src/data_ingestion.py
    deps:
    - path: src/data_ingestion.py
      hash: md5
      md5: 0fb9198a3a3d385253232145c789afac
      size: 3972
    params:
      params.yaml:
        data_ingestion.test_size: 0.15
    outs:
    - path: data/raw
      hash: md5
      md5: 1a287d34dc172d9f950c03dae35f7e73.dir
      size: 484846
      nfiles: 2
  Pre_processing:
    cmd: python src/Pre_processing.py
    deps:
    - path: data/raw
      hash: md5
      md5: 1a287d34dc172d9f950c03dae35f7e73.dir
      size: 484846
      nfiles: 2
    - path: src/Pre_processing.py
      hash: md5
      md5: 33a485f3a05baf78edada3fe8611b9a3
      size: 4996
    outs:
    - path: data/interim
      hash: md5
      md5: d99be5cb2b019d747166f90739fa6d08.dir
      size: 260073
      nfiles: 2
  feature_engineering:
    cmd: python src/feature_engineering.py
    deps:
    - path: data/interim
      hash: md5
      md5: d99be5cb2b019d747166f90739fa6d08.dir
      size: 260073
      nfiles: 2
    - path: src/feature_engineering.py
      hash: md5
      md5: 2df6c373195986d572281e902a91e8cf
      size: 3895
    params:
      params.yaml:
        feature_engineering.max_features: 45
    outs:
    - path: data/processed
      hash: md5
      md5: 2f4a3886b90f1ef25d19c8132c7ea9d7.dir
      size: 1065016
      nfiles: 2
  model_building:
    cmd: python src/model_building.py
    deps:
    - path: data/processed
      hash: md5
      md5: 2f4a3886b90f1ef25d19c8132c7ea9d7.dir
      size: 1065016
      nfiles: 2
    - path: src/model_building.py
      hash: md5
      md5: 3bbf545e688e8f8cffdf790096f3b580
      size: 4530
    params:
      params.yaml:
        model_building.n_estimators: 20
        model_building.random_state: 2
    outs:
    - path: models/model.pkl
      hash: md5
      md5: 19b8f5c2a3f8aae6cebfe110ad1f7e2d
      size: 740822
  model_evaluation:
    cmd: python src/model_evaluation.py
    deps:
    - path: models/model.pkl
      hash: md5
      md5: 19b8f5c2a3f8aae6cebfe110ad1f7e2d
      size: 740822
    - path: src/model_evaluation.py
      hash: md5
      md5: afc8d71c4b2315195c1a984d364d00c2
      size: 4272
    outs:
    - path: reports/metrics.json
      hash: md5
      md5: 156f5e5279d50a4d32186373bfcacf52
      size: 145
